
Microsoft Visual Studio Solution File, Format Version 12.00
# Visual Studio 2012
Project("{FAE04EC0-301F-11D3-BF4B-00C04F79EFBC}") = "opnac", "opnac\opnac.csproj", "{6C8F29F0-B05D-4183-84CC-9A9BC22E7710}"
EndProject
Global
	GlobalSection(SolutionConfigurationPlatforms) = preSolution
		Debug|x86 = Debug|x86
		Release|x86 = Release|x86
	EndGlobalSection
	GlobalSection(ProjectConfigurationPlatforms) = postSolution
		{6C8F29F0-B05D-4183-84CC-9A9BC22E7710}.Debug|x86.ActiveCfg = Debug|x86
		{6C8F29F0-B05D-4183-84CC-9A9BC22E7710}.Debug|x86.Build.0 = Debug|x86
		{6C8F29F0-B05D-4183-84CC-9A9BC22E7710}.Release|x86.ActiveCfg = Release|x86
		{6C8F29F0-B05D-4183-84CC-9A9BC22E7710}.Release|x86.Build.0 = Release|x86
	EndGlobalSection
EndGlobal
